// !$*UTF8*$!
{
	archiveVersion = 1;
	classes = {
	};
	objectVersion = 38;
	objects = {
		5851D5140479552300EE98CD = {
			children = (
				5851D51D047955A100EE98CD,
				5851D51C0479553600EE98CD,
				5851D51B0479553500EE98CD,
				5851D51A0479553300EE98CD,
				5851D5190479552E00EE98CD,
				5851D5390479562300EE98CD,
			);
			isa = PBXGroup;
			refType = 4;
		};
		5851D5160479552300EE98CD = {
			buildRules = (
			);
			buildSettings = {
				COPY_PHASE_STRIP = NO;
			};
			isa = PBXBuildStyle;
			name = Development;
		};
		5851D5170479552300EE98CD = {
			buildRules = (
			);
			buildSettings = {
				COPY_PHASE_STRIP = YES;
			};
			isa = PBXBuildStyle;
			name = Deployment;
		};
		5851D5180479552300EE98CD = {
			buildStyles = (
				5851D5160479552300EE98CD,
				5851D5170479552300EE98CD,
			);
			hasScannedForEncodings = 1;
			isa = PBXProject;
			mainGroup = 5851D5140479552300EE98CD;
			productRefGroup = 5851D5390479562300EE98CD;
			projectDirPath = "";
			targets = (
				5851D5370479562300EE98CD,
			);
		};
		5851D5190479552E00EE98CD = {
			children = (
				5851D5310479560B00EE98CD,
				5851D5320479560B00EE98CD,
				5851D5730479613900EE98CD,
				5851D5740479613900EE98CD,
			);
			isa = PBXGroup;
			name = pm_mac;
			refType = 4;
		};
		5851D51A0479553300EE98CD = {
			children = (
				5851D52C047955FD00EE98CD,
				5851D52D047955FD00EE98CD,
				5851D52E047955FD00EE98CD,
				5851D52F047955FD00EE98CD,
				5851D530047955FD00EE98CD,
			);
			isa = PBXGroup;
			name = pm_win;
			refType = 4;
		};
		5851D51B0479553500EE98CD = {
			children = (
				5851D528047955D700EE98CD,
				5851D529047955D700EE98CD,
				5851D52A047955D700EE98CD,
				5851D52B047955D700EE98CD,
			);
			isa = PBXGroup;
			name = pm_linux;
			refType = 4;
		};
		5851D51C0479553600EE98CD = {
			children = (
				5851D523047955C800EE98CD,
				5851D524047955C800EE98CD,
				5851D525047955C800EE98CD,
				5851D526047955C800EE98CD,
				5851D527047955C800EE98CD,
			);
			isa = PBXGroup;
			name = pm_common;
			path = "";
			refType = 2;
		};
		5851D51D047955A100EE98CD = {
			children = (
				5851D51E047955B800EE98CD,
				5851D51F047955B800EE98CD,
				5851D520047955B800EE98CD,
				5851D521047955B800EE98CD,
				58ED5B81047D41DB00B92E62,
				5851D522047955B800EE98CD,
			);
			isa = PBXGroup;
			name = porttime;
			refType = 4;
		};
		5851D51E047955B800EE98CD = {
			fileEncoding = 30;
			isa = PBXFileReference;
			name = porttime.c;
			path = ../porttime/porttime.c;
			refType = 2;
		};
		5851D51F047955B800EE98CD = {
			fileEncoding = 30;
			isa = PBXFileReference;
			name = porttime.h;
			path = ../porttime/porttime.h;
			refType = 2;
		};
		5851D520047955B800EE98CD = {
			fileEncoding = 30;
			isa = PBXFileReference;
			name = ptlinux.c;
			path = ../porttime/ptlinux.c;
			refType = 2;
		};
		5851D521047955B800EE98CD = {
			fileEncoding = 30;
			isa = PBXFileReference;
			name = ptmacosx_cf.c;
			path = ../porttime/ptmacosx_cf.c;
			refType = 2;
		};
		5851D522047955B800EE98CD = {
			fileEncoding = 30;
			isa = PBXFileReference;
			name = ptwinmm.c;
			path = ../porttime/ptwinmm.c;
			refType = 2;
		};
		5851D523047955C800EE98CD = {
			fileEncoding = 30;
			isa = PBXFileReference;
			name = pminternal.h;
			path = ../pm_common/pminternal.h;
			refType = 2;
		};
		5851D524047955C800EE98CD = {
			fileEncoding = 30;
			isa = PBXFileReference;
			name = pmutil.c;
			path = ../pm_common/pmutil.c;
			refType = 2;
		};
		5851D525047955C800EE98CD = {
			fileEncoding = 30;
			isa = PBXFileReference;
			name = pmutil.h;
			path = ../pm_common/pmutil.h;
			refType = 2;
		};
		5851D526047955C800EE98CD = {
			fileEncoding = 30;
			isa = PBXFileReference;
			name = portmidi.c;
			path = ../pm_common/portmidi.c;
			refType = 2;
		};
		5851D527047955C800EE98CD = {
			fileEncoding = 30;
			isa = PBXFileReference;
			name = portmidi.h;
			path = ../pm_common/portmidi.h;
			refType = 2;
		};
		5851D528047955D700EE98CD = {
			fileEncoding = 30;
			isa = PBXFileReference;
			name = pmlinux.c;
			path = ../pm_linux/pmlinux.c;
			refType = 2;
		};
		5851D529047955D700EE98CD = {
			fileEncoding = 30;
			isa = PBXFileReference;
			name = pmlinux.h;
			path = ../pm_linux/pmlinux.h;
			refType = 2;
		};
		5851D52A047955D700EE98CD = {
			fileEncoding = 30;
			isa = PBXFileReference;
			name = pmlinuxalsa.c;
			path = ../pm_linux/pmlinuxalsa.c;
			refType = 2;
		};
		5851D52B047955D700EE98CD = {
			fileEncoding = 30;
			isa = PBXFileReference;
			name = pmlinuxalsa.h;
			path = ../pm_linux/pmlinuxalsa.h;
			refType = 2;
		};
		5851D52C047955FD00EE98CD = {
			fileEncoding = 30;
			isa = PBXFileReference;
			name = pmdll.c;
			path = ../pm_win/pmdll.c;
			refType = 2;
		};
		5851D52D047955FD00EE98CD = {
			fileEncoding = 30;
			isa = PBXFileReference;
			name = pmdll.h;
			path = ../pm_win/pmdll.h;
			refType = 2;
		};
		5851D52E047955FD00EE98CD = {
			fileEncoding = 30;
			isa = PBXFileReference;
			name = pmwin.c;
			path = ../pm_win/pmwin.c;
			refType = 2;
		};
		5851D52F047955FD00EE98CD = {
			fileEncoding = 30;
			isa = PBXFileReference;
			name = pmwinmm.c;
			path = ../pm_win/pmwinmm.c;
			refType = 2;
		};
		5851D530047955FD00EE98CD = {
			fileEncoding = 30;
			isa = PBXFileReference;
			name = pmwinmm.h;
			path = ../pm_win/pmwinmm.h;
			refType = 2;
		};
		5851D5310479560B00EE98CD = {
			fileEncoding = 30;
			isa = PBXFileReference;
			path = pmmacosxcm.c;
			refType = 2;
		};
		5851D5320479560B00EE98CD = {
			fileEncoding = 30;
			isa = PBXFileReference;
			path = pmmacosxcm.h;
			refType = 2;
		};
		5851D5330479562300EE98CD = {
			buildActionMask = 2147483647;
			files = (
				5851D53B0479564000EE98CD,
				5851D53D0479564100EE98CD,
				5851D53F0479564100EE98CD,
				5851D5420479564600EE98CD,
				5851D5430479564F00EE98CD,
				5851D5750479613900EE98CD,
			);
			isa = PBXHeadersBuildPhase;
			runOnlyForDeploymentPostprocessing = 0;
		};
		5851D5340479562300EE98CD = {
			buildActionMask = 2147483647;
			files = (
				5851D53C0479564000EE98CD,
				5851D53E0479564100EE98CD,
				5851D5400479564400EE98CD,
				5851D5760479613900EE98CD,
				58ED5C7A047D694900B92E62,
			);
			isa = PBXSourcesBuildPhase;
			runOnlyForDeploymentPostprocessing = 0;
		};
		5851D5350479562300EE98CD = {
			buildActionMask = 2147483647;
			files = (
			);
			isa = PBXFrameworksBuildPhase;
			runOnlyForDeploymentPostprocessing = 0;
		};
		5851D5360479562300EE98CD = {
			buildActionMask = 2147483647;
			files = (
			);
			isa = PBXRezBuildPhase;
			runOnlyForDeploymentPostprocessing = 0;
		};
		5851D5370479562300EE98CD = {
			buildPhases = (
				5851D5330479562300EE98CD,
				5851D5340479562300EE98CD,
				5851D5350479562300EE98CD,
				5851D5360479562300EE98CD,
			);
			buildSettings = {
				DYLIB_COMPATIBILITY_VERSION = 1;
				DYLIB_CURRENT_VERSION = 1;
				LIBRARY_STYLE = STATIC;
				OTHER_CFLAGS = "";
				OTHER_LDFLAGS = "";
				OTHER_LIBTOOL_FLAGS = "";
				OTHER_REZFLAGS = "";
				PRODUCT_NAME = libportmidi.a;
				REZ_EXECUTABLE = YES;
				SECTORDER_FLAGS = "";
				WARNING_CFLAGS = "-Wmost -Wno-four-char-constants -Wno-unknown-pragmas";
			};
			dependencies = (
			);
			isa = PBXLibraryTarget;
			name = libportmidi.a;
			productInstallPath = /usr/local/lib;
			productName = libportmidi.a;
			productReference = 5851D5380479562300EE98CD;
		};
		5851D5380479562300EE98CD = {
			isa = PBXLibraryReference;
			path = libportmidi.a;
			refType = 3;
		};
		5851D5390479562300EE98CD = {
			children = (
				5851D5380479562300EE98CD,
			);
			isa = PBXGroup;
			name = Products;
			refType = 4;
		};
		5851D53B0479564000EE98CD = {
			fileRef = 5851D523047955C800EE98CD;
			isa = PBXBuildFile;
			settings = {
			};
		};
		5851D53C0479564000EE98CD = {
			fileRef = 5851D524047955C800EE98CD;
			isa = PBXBuildFile;
			settings = {
			};
		};
		5851D53D0479564100EE98CD = {
			fileRef = 5851D525047955C800EE98CD;
			isa = PBXBuildFile;
			settings = {
			};
		};
		5851D53E0479564100EE98CD = {
			fileRef = 5851D526047955C800EE98CD;
			isa = PBXBuildFile;
			settings = {
			};
		};
		5851D53F0479564100EE98CD = {
			fileRef = 5851D527047955C800EE98CD;
			isa = PBXBuildFile;
			settings = {
			};
		};
		5851D5400479564400EE98CD = {
			fileRef = 5851D5310479560B00EE98CD;
			isa = PBXBuildFile;
			settings = {
			};
		};
		5851D5420479564600EE98CD = {
			fileRef = 5851D5320479560B00EE98CD;
			isa = PBXBuildFile;
			settings = {
			};
		};
		5851D5430479564F00EE98CD = {
			fileRef = 5851D51F047955B800EE98CD;
			isa = PBXBuildFile;
			settings = {
			};
		};
		5851D5730479613900EE98CD = {
			fileEncoding = 4;
			isa = PBXFileReference;
			path = pmmac.h;
			refType = 2;
		};
		5851D5740479613900EE98CD = {
			fileEncoding = 4;
			isa = PBXFileReference;
			path = pmmac.c;
			refType = 2;
		};
		5851D5750479613900EE98CD = {
			fileRef = 5851D5730479613900EE98CD;
			isa = PBXBuildFile;
			settings = {
			};
		};
		5851D5760479613900EE98CD = {
			fileRef = 5851D5740479613900EE98CD;
			isa = PBXBuildFile;
			settings = {
			};
		};
		58ED5B81047D41DB00B92E62 = {
			fileEncoding = 30;
			isa = PBXFileReference;
			name = ptmacosx_mach.c;
			path = ../porttime/ptmacosx_mach.c;
			refType = 2;
		};
		58ED5C7A047D694900B92E62 = {
			fileRef = 58ED5B81047D41DB00B92E62;
			isa = PBXBuildFile;
			settings = {
			};
		};
	};
	rootObject = 5851D5180479552300EE98CD;
}
