Microsoft Visual Studio Solution File, Format Version 10.00
# Visual Studio 2008
Project("{8BC9CEB8-8B4A-11D0-8D11-00A0C91BC942}") = "A JazzPlusPlus Application", "JazzPlusPlus-VC9.vcproj", "{8C82269C-4753-428B-B9B1-D21B46C6AD83}"
	ProjectSection(ProjectDependencies) = postProject
		{33E3B196-B9F4-4D0A-85E1-31C7BBD4967A} = {33E3B196-B9F4-4D0A-85E1-31C7BBD4967A}
		{338224B8-D575-408D-BACF-95C557B429BE} = {338224B8-D575-408D-BACF-95C557B429BE}
	EndProjectSection
EndProject
Project("{8BC9CEB8-8B4A-11D0-8D11-00A0C91BC942}") = "portmidi", "..\portmidi\pm_win\portmidi-VC9.vcproj", "{33E3B196-B9F4-4D0A-85E1-31C7BBD4967A}"
EndProject
Project("{8BC9CEB8-8B4A-11D0-8D11-00A0C91BC942}") = "porttime", "..\portmidi\porttime\porttime-VC9.vcproj", "{338224B8-D575-408D-BACF-95C557B429BE}"
EndProject
Global
	GlobalSection(SolutionConfigurationPlatforms) = preSolution
		Debug GUI VC9|Win32 = Debug GUI VC9|Win32
		Debug VC8|Win32 = Debug VC8|Win32
		Release GUI VC9|Win32 = Release GUI VC9|Win32
		Release VC8|Win32 = Release VC8|Win32
	EndGlobalSection
	GlobalSection(ProjectConfigurationPlatforms) = postSolution
		{8C82269C-4753-428B-B9B1-D21B46C6AD83}.Debug GUI VC9|Win32.ActiveCfg = Debug GUI VC9|Win32
		{8C82269C-4753-428B-B9B1-D21B46C6AD83}.Debug GUI VC9|Win32.Build.0 = Debug GUI VC9|Win32
		{8C82269C-4753-428B-B9B1-D21B46C6AD83}.Debug VC8|Win32.ActiveCfg = Debug GUI VC9|Win32
		{8C82269C-4753-428B-B9B1-D21B46C6AD83}.Debug VC8|Win32.Build.0 = Debug GUI VC9|Win32
		{8C82269C-4753-428B-B9B1-D21B46C6AD83}.Release GUI VC9|Win32.ActiveCfg = Release GUI VC9|Win32
		{8C82269C-4753-428B-B9B1-D21B46C6AD83}.Release GUI VC9|Win32.Build.0 = Release GUI VC9|Win32
		{8C82269C-4753-428B-B9B1-D21B46C6AD83}.Release VC8|Win32.ActiveCfg = Release GUI VC9|Win32
		{8C82269C-4753-428B-B9B1-D21B46C6AD83}.Release VC8|Win32.Build.0 = Release GUI VC9|Win32
		{33E3B196-B9F4-4D0A-85E1-31C7BBD4967A}.Debug GUI VC9|Win32.ActiveCfg = Debug VC8|Win32
		{33E3B196-B9F4-4D0A-85E1-31C7BBD4967A}.Debug GUI VC9|Win32.Build.0 = Debug VC8|Win32
		{33E3B196-B9F4-4D0A-85E1-31C7BBD4967A}.Debug VC8|Win32.ActiveCfg = Debug VC8|Win32
		{33E3B196-B9F4-4D0A-85E1-31C7BBD4967A}.Debug VC8|Win32.Build.0 = Debug VC8|Win32
		{33E3B196-B9F4-4D0A-85E1-31C7BBD4967A}.Release GUI VC9|Win32.ActiveCfg = Release VC8|Win32
		{33E3B196-B9F4-4D0A-85E1-31C7BBD4967A}.Release GUI VC9|Win32.Build.0 = Release VC8|Win32
		{33E3B196-B9F4-4D0A-85E1-31C7BBD4967A}.Release VC8|Win32.ActiveCfg = Release VC8|Win32
		{33E3B196-B9F4-4D0A-85E1-31C7BBD4967A}.Release VC8|Win32.Build.0 = Release VC8|Win32
		{338224B8-D575-408D-BACF-95C557B429BE}.Debug GUI VC9|Win32.ActiveCfg = Debug VC8|Win32
		{338224B8-D575-408D-BACF-95C557B429BE}.Debug GUI VC9|Win32.Build.0 = Debug VC8|Win32
		{338224B8-D575-408D-BACF-95C557B429BE}.Debug VC8|Win32.ActiveCfg = Debug VC8|Win32
		{338224B8-D575-408D-BACF-95C557B429BE}.Debug VC8|Win32.Build.0 = Debug VC8|Win32
		{338224B8-D575-408D-BACF-95C557B429BE}.Release GUI VC9|Win32.ActiveCfg = Release VC8|Win32
		{338224B8-D575-408D-BACF-95C557B429BE}.Release GUI VC9|Win32.Build.0 = Release VC8|Win32
		{338224B8-D575-408D-BACF-95C557B429BE}.Release VC8|Win32.ActiveCfg = Release VC8|Win32
		{338224B8-D575-408D-BACF-95C557B429BE}.Release VC8|Win32.Build.0 = Release VC8|Win32
	EndGlobalSection
	GlobalSection(SolutionProperties) = preSolution
		HideSolutionNode = FALSE
	EndGlobalSection
EndGlobal
